
Microsoft Visual Studio Solution File, Format Version 12.00
# Visual Studio 15
VisualStudioVersion = 15.0.28307.779
MinimumVisualStudioVersion = 10.0.40219.1
Project("{FAE04EC0-301F-11D3-BF4B-00C04F79EFBC}") = "Proyecto_Final_Aplicada2", "Proyecto_Final_Aplicada2\Proyecto_Final_Aplicada2.csproj", "{76E64D2A-0004-4420-B5C5-33327A75C81E}"
EndProject
Project("{FAE04EC0-301F-11D3-BF4B-00C04F79EFBC}") = "Proyecto_Final_Aplicada2.Tests", "Proyecto_Final_Aplicada2.Tests\Proyecto_Final_Aplicada2.Tests.csproj", "{3FCDE3FE-47CE-426B-B68C-575AAD7261BE}"
EndProject
Global
	GlobalSection(SolutionConfigurationPlatforms) = preSolution
		Debug|Any CPU = Debug|Any CPU
		Release|Any CPU = Release|Any CPU
	EndGlobalSection
	GlobalSection(ProjectConfigurationPlatforms) = postSolution
		{76E64D2A-0004-4420-B5C5-33327A75C81E}.Debug|Any CPU.ActiveCfg = Debug|Any CPU
		{76E64D2A-0004-4420-B5C5-33327A75C81E}.Debug|Any CPU.Build.0 = Debug|Any CPU
		{76E64D2A-0004-4420-B5C5-33327A75C81E}.Release|Any CPU.ActiveCfg = Release|Any CPU
		{76E64D2A-0004-4420-B5C5-33327A75C81E}.Release|Any CPU.Build.0 = Release|Any CPU
		{3FCDE3FE-47CE-426B-B68C-575AAD7261BE}.Debug|Any CPU.ActiveCfg = Debug|Any CPU
		{3FCDE3FE-47CE-426B-B68C-575AAD7261BE}.Debug|Any CPU.Build.0 = Debug|Any CPU
		{3FCDE3FE-47CE-426B-B68C-575AAD7261BE}.Release|Any CPU.ActiveCfg = Release|Any CPU
		{3FCDE3FE-47CE-426B-B68C-575AAD7261BE}.Release|Any CPU.Build.0 = Release|Any CPU
	EndGlobalSection
	GlobalSection(SolutionProperties) = preSolution
		HideSolutionNode = FALSE
	EndGlobalSection
	GlobalSection(ExtensibilityGlobals) = postSolution
		SolutionGuid = {A7103778-2965-4CC6-BE52-11E7FAC96EAA}
	EndGlobalSection
EndGlobal
